
Microsoft Visual Studio Solution File, Format Version 12.00
# Visual Studio Version 17
VisualStudioVersion = 17.13.35931.197 d17.13
MinimumVisualStudioVersion = 10.0.40219.1
Project("{F184B08F-C81C-45F6-A57F-5ABD9991F28F}") = "GitHub", "GitHub\GitHub.vbproj", "{ED42B3B4-5EDC-4F97-9138-3E890CDB605E}"
EndProject
Global
	GlobalSection(SolutionConfigurationPlatforms) = preSolution
		Debug|Any CPU = Debug|Any CPU
		Release|Any CPU = Release|Any CPU
	EndGlobalSection
	GlobalSection(ProjectConfigurationPlatforms) = postSolution
		{ED42B3B4-5EDC-4F97-9138-3E890CDB605E}.Debug|Any CPU.ActiveCfg = Debug|Any CPU
		{ED42B3B4-5EDC-4F97-9138-3E890CDB605E}.Debug|Any CPU.Build.0 = Debug|Any CPU
		{ED42B3B4-5EDC-4F97-9138-3E890CDB605E}.Release|Any CPU.ActiveCfg = Release|Any CPU
		{ED42B3B4-5EDC-4F97-9138-3E890CDB605E}.Release|Any CPU.Build.0 = Release|Any CPU
	EndGlobalSection
	GlobalSection(SolutionProperties) = preSolution
		HideSolutionNode = FALSE
	EndGlobalSection
	GlobalSection(ExtensibilityGlobals) = postSolution
		SolutionGuid = {B690677C-46B1-4A5D-9EDC-D43BF064F908}
	EndGlobalSection
EndGlobal
